
Microsoft Visual Studio Solution File, Format Version 12.00
# Visual Studio Version 17
VisualStudioVersion = 17.0.31606.5
MinimumVisualStudioVersion = 10.0.40219.1
Project("{FAE04EC0-301F-11D3-BF4B-00C04F79EFBC}") = "BookPriceComparasion.WebUI", "BookPriceComparasion.WebUI\BookPriceComparasion.WebUI.csproj", "{8D67AE1A-2D94-4A7C-BE6D-406A2F495F94}"
EndProject
Project("{FAE04EC0-301F-11D3-BF4B-00C04F79EFBC}") = "BookPriceComparasion.DAL", "BookPriceComparasion.DAL\BookPriceComparasion.DAL.csproj", "{94CED5E3-6BC7-410E-8010-9843CA17CAE7}"
EndProject
Project("{FAE04EC0-301F-11D3-BF4B-00C04F79EFBC}") = "BookPriceComparasion.Entity", "..\BookPriceComparasion.Entity\BookPriceComparasion.Entity.csproj", "{0724887A-65E4-4C52-8588-9726CBA20F11}"
EndProject
Project("{FAE04EC0-301F-11D3-BF4B-00C04F79EFBC}") = "BookPriceComparasion.Business", "..\BookPriceComparasion.Business\BookPriceComparasion.Business.csproj", "{94029513-07C0-4B80-AE87-301F885EF747}"
EndProject
Project("{FAE04EC0-301F-11D3-BF4B-00C04F79EFBC}") = "BookPriceComparasion.Core", "..\BookPriceComparasion.Core\BookPriceComparasion.Core.csproj", "{4FA945BA-C40F-4826-8150-39065B616EB5}"
EndProject
Global
	GlobalSection(SolutionConfigurationPlatforms) = preSolution
		Debug|Any CPU = Debug|Any CPU
		Release|Any CPU = Release|Any CPU
	EndGlobalSection
	GlobalSection(ProjectConfigurationPlatforms) = postSolution
		{8D67AE1A-2D94-4A7C-BE6D-406A2F495F94}.Debug|Any CPU.ActiveCfg = Debug|Any CPU
		{8D67AE1A-2D94-4A7C-BE6D-406A2F495F94}.Debug|Any CPU.Build.0 = Debug|Any CPU
		{8D67AE1A-2D94-4A7C-BE6D-406A2F495F94}.Release|Any CPU.ActiveCfg = Release|Any CPU
		{8D67AE1A-2D94-4A7C-BE6D-406A2F495F94}.Release|Any CPU.Build.0 = Release|Any CPU
		{94CED5E3-6BC7-410E-8010-9843CA17CAE7}.Debug|Any CPU.ActiveCfg = Debug|Any CPU
		{94CED5E3-6BC7-410E-8010-9843CA17CAE7}.Debug|Any CPU.Build.0 = Debug|Any CPU
		{94CED5E3-6BC7-410E-8010-9843CA17CAE7}.Release|Any CPU.ActiveCfg = Release|Any CPU
		{94CED5E3-6BC7-410E-8010-9843CA17CAE7}.Release|Any CPU.Build.0 = Release|Any CPU
		{0724887A-65E4-4C52-8588-9726CBA20F11}.Debug|Any CPU.ActiveCfg = Debug|Any CPU
		{0724887A-65E4-4C52-8588-9726CBA20F11}.Debug|Any CPU.Build.0 = Debug|Any CPU
		{0724887A-65E4-4C52-8588-9726CBA20F11}.Release|Any CPU.ActiveCfg = Release|Any CPU
		{0724887A-65E4-4C52-8588-9726CBA20F11}.Release|Any CPU.Build.0 = Release|Any CPU
		{94029513-07C0-4B80-AE87-301F885EF747}.Debug|Any CPU.ActiveCfg = Debug|Any CPU
		{94029513-07C0-4B80-AE87-301F885EF747}.Debug|Any CPU.Build.0 = Debug|Any CPU
		{94029513-07C0-4B80-AE87-301F885EF747}.Release|Any CPU.ActiveCfg = Release|Any CPU
		{94029513-07C0-4B80-AE87-301F885EF747}.Release|Any CPU.Build.0 = Release|Any CPU
		{4FA945BA-C40F-4826-8150-39065B616EB5}.Debug|Any CPU.ActiveCfg = Debug|Any CPU
		{4FA945BA-C40F-4826-8150-39065B616EB5}.Debug|Any CPU.Build.0 = Debug|Any CPU
		{4FA945BA-C40F-4826-8150-39065B616EB5}.Release|Any CPU.ActiveCfg = Release|Any CPU
		{4FA945BA-C40F-4826-8150-39065B616EB5}.Release|Any CPU.Build.0 = Release|Any CPU
	EndGlobalSection
	GlobalSection(SolutionProperties) = preSolution
		HideSolutionNode = FALSE
	EndGlobalSection
	GlobalSection(ExtensibilityGlobals) = postSolution
		SolutionGuid = {192FB3FD-61BE-4724-BA1D-2CF40745665E}
	EndGlobalSection
EndGlobal
